
Microsoft Visual Studio Solution File, Format Version 12.00
# Visual Studio Version 17
VisualStudioVersion = 17.4.33213.308
MinimumVisualStudioVersion = 10.0.40219.1
Project("{9A19103F-16F7-4668-BE54-9A1E7A4F7556}") = "ExercisesW21", "ExercisesW21\ExercisesW21.csproj", "{72A89A8F-582B-497A-A2E1-894262CD729B}"
EndProject
Project("{FAE04EC0-301F-11D3-BF4B-00C04F79EFBC}") = "ExercisesW21.Tests", "ExercisesW21.Tests\ExercisesW21.Tests.csproj", "{FC10DE6A-3F40-414C-B245-205188285D92}"
EndProject
Global
	GlobalSection(SolutionConfigurationPlatforms) = preSolution
		Debug|Any CPU = Debug|Any CPU
		Release|Any CPU = Release|Any CPU
	EndGlobalSection
	GlobalSection(ProjectConfigurationPlatforms) = postSolution
		{72A89A8F-582B-497A-A2E1-894262CD729B}.Debug|Any CPU.ActiveCfg = Debug|Any CPU
		{72A89A8F-582B-497A-A2E1-894262CD729B}.Debug|Any CPU.Build.0 = Debug|Any CPU
		{72A89A8F-582B-497A-A2E1-894262CD729B}.Release|Any CPU.ActiveCfg = Release|Any CPU
		{72A89A8F-582B-497A-A2E1-894262CD729B}.Release|Any CPU.Build.0 = Release|Any CPU
		{FC10DE6A-3F40-414C-B245-205188285D92}.Debug|Any CPU.ActiveCfg = Debug|Any CPU
		{FC10DE6A-3F40-414C-B245-205188285D92}.Debug|Any CPU.Build.0 = Debug|Any CPU
		{FC10DE6A-3F40-414C-B245-205188285D92}.Release|Any CPU.ActiveCfg = Release|Any CPU
		{FC10DE6A-3F40-414C-B245-205188285D92}.Release|Any CPU.Build.0 = Release|Any CPU
	EndGlobalSection
	GlobalSection(SolutionProperties) = preSolution
		HideSolutionNode = FALSE
	EndGlobalSection
	GlobalSection(ExtensibilityGlobals) = postSolution
		SolutionGuid = {EBA1740A-905D-47C1-A15C-8DBA4A6621CD}
	EndGlobalSection
EndGlobal
